<?xml version="1.0" encoding="utf-8"?>
<Project ToolsVersion="4.0" xmlns="http://schemas.microsoft.com/developer/msbuild/2003">
  <ItemGroup>
    <Filter Include="Source Files">
      <UniqueIdentifier>{77cc497e-3928-4163-a8b7-fe0c5659b85d}</UniqueIdentifier>
      <Extensions>cpp;c;cxx;rc;def;r;odl;idl;hpj;bat</Extensions>
    </Filter>
    <Filter Include="Header Files">
      <UniqueIdentifier>{660bc269-5c11-4b00-a23e-8a7a595de340}</UniqueIdentifier>
      <Extensions>h;hpp;hxx;hm;inl</Extensions>
    </Filter>
    <Filter Include="Resource Files">
      <UniqueIdentifier>{b84cdd58-d522-4538-ad8c-5f3d01336e98}</UniqueIdentifier>
      <Extensions>ico;cur;bmp;dlg;rc2;rct;bin;rgs;gif;jpg;jpeg;jpe</Extensions>
    </Filter>
  </ItemGroup>
  <ItemGroup>
    <ClCompile Include="Image.cpp">
      <Filter>Source Files</Filter>
    </ClCompile>
    <ClCompile Include="Tmatrix.cpp">
      <Filter>Source Files</Filter>
    </ClCompile>
    <ClCompile Include="Tray.cpp">
      <Filter>Source Files</Filter>
    </ClCompile>
    <ClCompile Include="Tvector.cpp">
      <Filter>Source Files</Filter>
    </ClCompile>
    <ClCompile Include="Arkanoid.cpp">
      <Filter>Source Files</Filter>
    </ClCompile>
  </ItemGroup>
  <ItemGroup>
    <ClInclude Include="Image.h">
      <Filter>Header Files</Filter>
    </ClInclude>
    <ClInclude Include="Mathex.h">
      <Filter>Header Files</Filter>
    </ClInclude>
    <ClInclude Include="Tmatrix.h">
      <Filter>Header Files</Filter>
    </ClInclude>
    <ClInclude Include="Tray.h">
      <Filter>Header Files</Filter>
    </ClInclude>
    <ClInclude Include="Tvector.h">
      <Filter>Header Files</Filter>
    </ClInclude>
  </ItemGroup>
</Project>